version = 1
revision = 2
requires-python = ">=3.14"

[[package]]
name = "codecrafters-shell"
version = "0.1.0"
source = { virtual = "." }
dependencies = [
    { name = "gnureadline" },
]

[package.metadata]
requires-dist = [{ name = "gnureadline", specifier = ">=8.3.3" }]

[[package]]
name = "gnureadline"
version = "8.3.3"
source = { registry = "https://pypi.org/simple" }
sdist = { url = "https://files.pythonhosted.org/packages/34/33/d0a1a41e687f0d1956cc5a7b07735c6893f3fa061440fddb7a2c9d2bcd35/gnureadline-8.3.3.tar.gz", hash = "sha256:0972392bd2f31244e2d981178246fe8b729c8766454fdaeb275946ac47b7e9fd", size = 3595875, upload-time = "2026-01-06T15:03:17.802Z" }
wheels = [
    { url = "https://files.pythonhosted.org/packages/0c/b7/f8c9be26236c376c796a8b6ada0d4efe9bc604843d97c5bef0b86b4e865f/gnureadline-8.3.3-cp314-cp314-macosx_10_15_x86_64.whl", hash = "sha256:251495414ee34dd7f068e0c4f09ee46f068e0e08a75428a7fbdf41a8ffa8bb27", size = 167489, upload-time = "2026-01-06T15:04:22.465Z" },
    { url = "https://files.pythonhosted.org/packages/bd/2b/ec2958df1bbb878d56c29b5ef7fbf1f1eb2c3b27bb3e9e1b4bff71a7dfad/gnureadline-8.3.3-cp314-cp314-macosx_11_0_arm64.whl", hash = "sha256:8513db40b4c5404ad3e883ad747e0cf113ec7b0b884dff1f6f873f9a1c1d2432", size = 167309, upload-time = "2026-01-06T15:04:23.69Z" },
    { url = "https://files.pythonhosted.org/packages/ae/9f/1d8e8f83a8e36e011436311ef9c917fb8707d945fd1a18366cbc82f53937/gnureadline-8.3.3-cp314-cp314-manylinux2014_aarch64.manylinux_2_17_aarch64.manylinux_2_28_aarch64.whl", hash = "sha256:c1dabc49d09ab802dccb9f8057956cf9561b2ff9e5e4f7c2e2ad103356b2397d", size = 698298, upload-time = "2026-01-06T15:04:24.95Z" },
    { url = "https://files.pythonhosted.org/packages/7a/37/051029b1ae589dac216c6c2d7ce0c011a5cc868c64e8b3e0c9ffac79aa0f/gnureadline-8.3.3-cp314-cp314-manylinux2014_x86_64.manylinux_2_17_x86_64.manylinux_2_28_x86_64.whl", hash = "sha256:320c9c47ecbfa2ea89f1821fa289b6f41f830654832a6069329dc3dda06f6784", size = 704708, upload-time = "2026-01-06T15:04:26.754Z" },
    { url = "https://files.pythonhosted.org/packages/c9/bc/f32652ca2e685ad11862a3b9976d0ff7bccdf476cd60921fba144b65cd41/gnureadline-8.3.3-cp314-cp314t-macosx_10_15_x86_64.whl", hash = "sha256:dfd893dac7b63f71dc41dce5d31c05388e55cb7bc6b58535e2a0eb29a5ad0352", size = 168590, upload-time = "2026-01-06T15:04:28.266Z" },
    { url = "https://files.pythonhosted.org/packages/6b/8e/30a82d454640430a472660727f16c7804848a4f4af4f0bbfca410bc4250d/gnureadline-8.3.3-cp314-cp314t-macosx_11_0_arm64.whl", hash = "sha256:1a954229ac14210f8efbbd724184f26a09a5b85ddb027a1f4ab64c22da59cf69", size = 168268, upload-time = "2026-01-06T15:04:29.467Z" },
    { url = "https://files.pythonhosted.org/packages/93/3e/52868275f90188a472b300af1668be1393b4fbe2bd04db14cebc45cabca0/gnureadline-8.3.3-cp314-cp314t-manylinux2014_aarch64.manylinux_2_17_aarch64.manylinux_2_28_aarch64.whl", hash = "sha256:f7c23f4bf5c67d337a9e1a9c3e77e0eaadef76642c36e52f5fac31ef1eb5111e", size = 712520, upload-time = "2026-01-06T15:04:30.882Z" },
    { url = "https://files.pythonhosted.org/packages/b7/d3/55553947c4c71765b074c1870a236244cefdfab241689b11dd778b666936/gnureadline-8.3.3-cp314-cp314t-manylinux2014_x86_64.manylinux_2_17_x86_64.manylinux_2_28_x86_64.whl", hash = "sha256:a27edaec97f038ba3eafa69fc79fa82bedf963319502fa065361ac1b1edffb3e", size = 717705, upload-time = "2026-01-06T15:04:32.662Z" },
]
